
Microsoft Visual Studio Solution File, Format Version 12.00
# Visual Studio Version 16
VisualStudioVersion = 16.0.30104.148
MinimumVisualStudioVersion = 10.0.40219.1
Project("{FAE04EC0-301F-11D3-BF4B-00C04F79EFBC}") = "RegistroAN", "RegistroAN.csproj", "{B76448F5-8B44-4CE8-BDEB-394DD9147DBC}"
EndProject
Global
	GlobalSection(SolutionConfigurationPlatforms) = preSolution
		Debug|Any CPU = Debug|Any CPU
		Release|Any CPU = Release|Any CPU
	EndGlobalSection
	GlobalSection(ProjectConfigurationPlatforms) = postSolution
		{B76448F5-8B44-4CE8-BDEB-394DD9147DBC}.Debug|Any CPU.ActiveCfg = Debug|Any CPU
		{B76448F5-8B44-4CE8-BDEB-394DD9147DBC}.Debug|Any CPU.Build.0 = Debug|Any CPU
		{B76448F5-8B44-4CE8-BDEB-394DD9147DBC}.Release|Any CPU.ActiveCfg = Release|Any CPU
		{B76448F5-8B44-4CE8-BDEB-394DD9147DBC}.Release|Any CPU.Build.0 = Release|Any CPU
	EndGlobalSection
	GlobalSection(SolutionProperties) = preSolution
		HideSolutionNode = FALSE
	EndGlobalSection
	GlobalSection(ExtensibilityGlobals) = postSolution
		SolutionGuid = {60CD5BB5-AE29-4DEF-9EAC-E29F2A86557F}
	EndGlobalSection
EndGlobal
